
Microsoft Visual Studio Solution File, Format Version 12.00
# Visual Studio Version 16
VisualStudioVersion = 16.0.30225.117
MinimumVisualStudioVersion = 10.0.40219.1
Project("{FAE04EC0-301F-11D3-BF4B-00C04F79EFBC}") = "day2assign", "day2assign\day2assign.csproj", "{8ECF7E50-B933-42D7-B0BD-AB2F8EB8B928}"
EndProject
Global
	GlobalSection(SolutionConfigurationPlatforms) = preSolution
		Debug|Any CPU = Debug|Any CPU
		Release|Any CPU = Release|Any CPU
	EndGlobalSection
	GlobalSection(ProjectConfigurationPlatforms) = postSolution
		{8ECF7E50-B933-42D7-B0BD-AB2F8EB8B928}.Debug|Any CPU.ActiveCfg = Debug|Any CPU
		{8ECF7E50-B933-42D7-B0BD-AB2F8EB8B928}.Debug|Any CPU.Build.0 = Debug|Any CPU
		{8ECF7E50-B933-42D7-B0BD-AB2F8EB8B928}.Release|Any CPU.ActiveCfg = Release|Any CPU
		{8ECF7E50-B933-42D7-B0BD-AB2F8EB8B928}.Release|Any CPU.Build.0 = Release|Any CPU
	EndGlobalSection
	GlobalSection(SolutionProperties) = preSolution
		HideSolutionNode = FALSE
	EndGlobalSection
	GlobalSection(ExtensibilityGlobals) = postSolution
		SolutionGuid = {BC6B1770-5E5B-4BE0-B540-D2AE317CC4B7}
	EndGlobalSection
EndGlobal
